
Microsoft Visual Studio Solution File, Format Version 12.00
# Visual Studio Version 17
VisualStudioVersion = 17.11.35431.28
MinimumVisualStudioVersion = 10.0.40219.1
Project("{2150E333-8FDC-42A3-9474-1A3956D46DE8}") = "Users.API", "Users.API", "{7777F5EB-C4A5-4FAB-BDBA-ACDFDE5E7380}"
EndProject
Project("{9A19103F-16F7-4668-BE54-9A1E7A4F7556}") = "Users.Domain", "User.API\User.Domain\Users.Domain.csproj", "{DE36BAD6-E753-4174-A7D4-95AD6777A5AC}"
EndProject
Project("{9A19103F-16F7-4668-BE54-9A1E7A4F7556}") = "Users.Application", "User.API\User.Application\Users.Application.csproj", "{663829B6-B554-43B6-9269-E53CA1F4266D}"
EndProject
Project("{9A19103F-16F7-4668-BE54-9A1E7A4F7556}") = "Users.Infrastructure", "User.API\User.Infrastructure\Users.Infrastructure.csproj", "{04AC3829-58E9-4183-BE0D-893A12C4F34E}"
EndProject
Project("{9A19103F-16F7-4668-BE54-9A1E7A4F7556}") = "Users.Web", "User.API\User.Web\Users.Web.csproj", "{E0C587FB-2672-45D3-A096-2A82F3FB2C9F}"
EndProject
Project("{2150E333-8FDC-42A3-9474-1A3956D46DE8}") = "Friends.API", "Friends.API", "{88110550-2943-4094-B113-ECADB07B6DBF}"
EndProject
Project("{FAE04EC0-301F-11D3-BF4B-00C04F79EFBC}") = "Friends.Domain", "Friend.API\Friend.Domain\Friends.Domain.csproj", "{4FA317B5-E872-4087-808F-295E27CBB47A}"
EndProject
Project("{FAE04EC0-301F-11D3-BF4B-00C04F79EFBC}") = "Friends.Application", "Friend.API\Friend.Application\Friends.Application.csproj", "{E202D392-9F12-42FB-8592-D2724A218334}"
EndProject
Project("{FAE04EC0-301F-11D3-BF4B-00C04F79EFBC}") = "Friends.Infrastructure", "Friend.API\Friend.Infrastructure\Friends.Infrastructure.csproj", "{997D2A6E-B8ED-4B85-9B3F-320E521D0DA9}"
EndProject
Project("{2150E333-8FDC-42A3-9474-1A3956D46DE8}") = "Share", "Share", "{93C5E209-D652-45ED-934F-DD27FDDA297D}"
EndProject
Project("{FAE04EC0-301F-11D3-BF4B-00C04F79EFBC}") = "Domain", "Share\Domain\Domain.csproj", "{50A31F22-A575-4413-BCE7-493904DE5EF6}"
EndProject
Project("{FAE04EC0-301F-11D3-BF4B-00C04F79EFBC}") = "Application", "Share\Application\Application.csproj", "{102D6899-05F0-45D5-95FC-467B9287D0E9}"
EndProject
Project("{FAE04EC0-301F-11D3-BF4B-00C04F79EFBC}") = "Infrastructure", "Share\Infrastructure\Infrastructure.csproj", "{8111B2AC-4E17-4C99-8DB9-96693B9C31F4}"
EndProject
Project("{FAE04EC0-301F-11D3-BF4B-00C04F79EFBC}") = "Friends.Web", "Friend.API\Friend.Web\Friends.Web.csproj", "{A15D0345-7125-4A87-A5B0-E53859207D82}"
EndProject
Project("{2150E333-8FDC-42A3-9474-1A3956D46DE8}") = "Events.API", "Events.API", "{47A6AB7F-1992-4DB1-9E2A-98BF5910C7B8}"
EndProject
Project("{FAE04EC0-301F-11D3-BF4B-00C04F79EFBC}") = "Events.Domain", "Events.API\Events.Domain\Events.Domain.csproj", "{E08D0865-B55C-4E77-BE7A-8F00BDF9565A}"
EndProject
Project("{FAE04EC0-301F-11D3-BF4B-00C04F79EFBC}") = "Events.Application", "Events.API\Events.Application\Events.Application.csproj", "{43CC1763-5AF4-461E-93AF-5D9D74E7882B}"
EndProject
Project("{FAE04EC0-301F-11D3-BF4B-00C04F79EFBC}") = "Events.Infrastructure", "Events.API\Events.Infrastructure\Events.Infrastructure.csproj", "{F20B2E69-5789-4E0C-9225-9BA74A669086}"
EndProject
Project("{FAE04EC0-301F-11D3-BF4B-00C04F79EFBC}") = "Events.Web", "Events.API\Events.Web\Events.Web.csproj", "{C4D952EC-1790-48BF-9133-8F315E4B2BE4}"
EndProject
Global
	GlobalSection(SolutionConfigurationPlatforms) = preSolution
		Debug|Any CPU = Debug|Any CPU
		Release|Any CPU = Release|Any CPU
	EndGlobalSection
	GlobalSection(ProjectConfigurationPlatforms) = postSolution
		{DE36BAD6-E753-4174-A7D4-95AD6777A5AC}.Debug|Any CPU.ActiveCfg = Debug|Any CPU
		{DE36BAD6-E753-4174-A7D4-95AD6777A5AC}.Debug|Any CPU.Build.0 = Debug|Any CPU
		{DE36BAD6-E753-4174-A7D4-95AD6777A5AC}.Release|Any CPU.ActiveCfg = Release|Any CPU
		{DE36BAD6-E753-4174-A7D4-95AD6777A5AC}.Release|Any CPU.Build.0 = Release|Any CPU
		{663829B6-B554-43B6-9269-E53CA1F4266D}.Debug|Any CPU.ActiveCfg = Debug|Any CPU
		{663829B6-B554-43B6-9269-E53CA1F4266D}.Debug|Any CPU.Build.0 = Debug|Any CPU
		{663829B6-B554-43B6-9269-E53CA1F4266D}.Release|Any CPU.ActiveCfg = Release|Any CPU
		{663829B6-B554-43B6-9269-E53CA1F4266D}.Release|Any CPU.Build.0 = Release|Any CPU
		{04AC3829-58E9-4183-BE0D-893A12C4F34E}.Debug|Any CPU.ActiveCfg = Debug|Any CPU
		{04AC3829-58E9-4183-BE0D-893A12C4F34E}.Debug|Any CPU.Build.0 = Debug|Any CPU
		{04AC3829-58E9-4183-BE0D-893A12C4F34E}.Release|Any CPU.ActiveCfg = Release|Any CPU
		{04AC3829-58E9-4183-BE0D-893A12C4F34E}.Release|Any CPU.Build.0 = Release|Any CPU
		{E0C587FB-2672-45D3-A096-2A82F3FB2C9F}.Debug|Any CPU.ActiveCfg = Debug|Any CPU
		{E0C587FB-2672-45D3-A096-2A82F3FB2C9F}.Debug|Any CPU.Build.0 = Debug|Any CPU
		{E0C587FB-2672-45D3-A096-2A82F3FB2C9F}.Release|Any CPU.ActiveCfg = Release|Any CPU
		{E0C587FB-2672-45D3-A096-2A82F3FB2C9F}.Release|Any CPU.Build.0 = Release|Any CPU
		{4FA317B5-E872-4087-808F-295E27CBB47A}.Debug|Any CPU.ActiveCfg = Debug|Any CPU
		{4FA317B5-E872-4087-808F-295E27CBB47A}.Debug|Any CPU.Build.0 = Debug|Any CPU
		{4FA317B5-E872-4087-808F-295E27CBB47A}.Release|Any CPU.ActiveCfg = Release|Any CPU
		{4FA317B5-E872-4087-808F-295E27CBB47A}.Release|Any CPU.Build.0 = Release|Any CPU
		{E202D392-9F12-42FB-8592-D2724A218334}.Debug|Any CPU.ActiveCfg = Debug|Any CPU
		{E202D392-9F12-42FB-8592-D2724A218334}.Debug|Any CPU.Build.0 = Debug|Any CPU
		{E202D392-9F12-42FB-8592-D2724A218334}.Release|Any CPU.ActiveCfg = Release|Any CPU
		{E202D392-9F12-42FB-8592-D2724A218334}.Release|Any CPU.Build.0 = Release|Any CPU
		{997D2A6E-B8ED-4B85-9B3F-320E521D0DA9}.Debug|Any CPU.ActiveCfg = Debug|Any CPU
		{997D2A6E-B8ED-4B85-9B3F-320E521D0DA9}.Debug|Any CPU.Build.0 = Debug|Any CPU
		{997D2A6E-B8ED-4B85-9B3F-320E521D0DA9}.Release|Any CPU.ActiveCfg = Release|Any CPU
		{997D2A6E-B8ED-4B85-9B3F-320E521D0DA9}.Release|Any CPU.Build.0 = Release|Any CPU
		{50A31F22-A575-4413-BCE7-493904DE5EF6}.Debug|Any CPU.ActiveCfg = Debug|Any CPU
		{50A31F22-A575-4413-BCE7-493904DE5EF6}.Debug|Any CPU.Build.0 = Debug|Any CPU
		{50A31F22-A575-4413-BCE7-493904DE5EF6}.Release|Any CPU.ActiveCfg = Release|Any CPU
		{50A31F22-A575-4413-BCE7-493904DE5EF6}.Release|Any CPU.Build.0 = Release|Any CPU
		{102D6899-05F0-45D5-95FC-467B9287D0E9}.Debug|Any CPU.ActiveCfg = Debug|Any CPU
		{102D6899-05F0-45D5-95FC-467B9287D0E9}.Debug|Any CPU.Build.0 = Debug|Any CPU
		{102D6899-05F0-45D5-95FC-467B9287D0E9}.Release|Any CPU.ActiveCfg = Release|Any CPU
		{102D6899-05F0-45D5-95FC-467B9287D0E9}.Release|Any CPU.Build.0 = Release|Any CPU
		{8111B2AC-4E17-4C99-8DB9-96693B9C31F4}.Debug|Any CPU.ActiveCfg = Debug|Any CPU
		{8111B2AC-4E17-4C99-8DB9-96693B9C31F4}.Debug|Any CPU.Build.0 = Debug|Any CPU
		{8111B2AC-4E17-4C99-8DB9-96693B9C31F4}.Release|Any CPU.ActiveCfg = Release|Any CPU
		{8111B2AC-4E17-4C99-8DB9-96693B9C31F4}.Release|Any CPU.Build.0 = Release|Any CPU
		{A15D0345-7125-4A87-A5B0-E53859207D82}.Debug|Any CPU.ActiveCfg = Debug|Any CPU
		{A15D0345-7125-4A87-A5B0-E53859207D82}.Debug|Any CPU.Build.0 = Debug|Any CPU
		{A15D0345-7125-4A87-A5B0-E53859207D82}.Release|Any CPU.ActiveCfg = Release|Any CPU
		{A15D0345-7125-4A87-A5B0-E53859207D82}.Release|Any CPU.Build.0 = Release|Any CPU
		{E08D0865-B55C-4E77-BE7A-8F00BDF9565A}.Debug|Any CPU.ActiveCfg = Debug|Any CPU
		{E08D0865-B55C-4E77-BE7A-8F00BDF9565A}.Debug|Any CPU.Build.0 = Debug|Any CPU
		{E08D0865-B55C-4E77-BE7A-8F00BDF9565A}.Release|Any CPU.ActiveCfg = Release|Any CPU
		{E08D0865-B55C-4E77-BE7A-8F00BDF9565A}.Release|Any CPU.Build.0 = Release|Any CPU
		{43CC1763-5AF4-461E-93AF-5D9D74E7882B}.Debug|Any CPU.ActiveCfg = Debug|Any CPU
		{43CC1763-5AF4-461E-93AF-5D9D74E7882B}.Debug|Any CPU.Build.0 = Debug|Any CPU
		{43CC1763-5AF4-461E-93AF-5D9D74E7882B}.Release|Any CPU.ActiveCfg = Release|Any CPU
		{43CC1763-5AF4-461E-93AF-5D9D74E7882B}.Release|Any CPU.Build.0 = Release|Any CPU
		{F20B2E69-5789-4E0C-9225-9BA74A669086}.Debug|Any CPU.ActiveCfg = Debug|Any CPU
		{F20B2E69-5789-4E0C-9225-9BA74A669086}.Debug|Any CPU.Build.0 = Debug|Any CPU
		{F20B2E69-5789-4E0C-9225-9BA74A669086}.Release|Any CPU.ActiveCfg = Release|Any CPU
		{F20B2E69-5789-4E0C-9225-9BA74A669086}.Release|Any CPU.Build.0 = Release|Any CPU
		{C4D952EC-1790-48BF-9133-8F315E4B2BE4}.Debug|Any CPU.ActiveCfg = Debug|Any CPU
		{C4D952EC-1790-48BF-9133-8F315E4B2BE4}.Debug|Any CPU.Build.0 = Debug|Any CPU
		{C4D952EC-1790-48BF-9133-8F315E4B2BE4}.Release|Any CPU.ActiveCfg = Release|Any CPU
		{C4D952EC-1790-48BF-9133-8F315E4B2BE4}.Release|Any CPU.Build.0 = Release|Any CPU
	EndGlobalSection
	GlobalSection(SolutionProperties) = preSolution
		HideSolutionNode = FALSE
	EndGlobalSection
	GlobalSection(NestedProjects) = preSolution
		{DE36BAD6-E753-4174-A7D4-95AD6777A5AC} = {7777F5EB-C4A5-4FAB-BDBA-ACDFDE5E7380}
		{663829B6-B554-43B6-9269-E53CA1F4266D} = {7777F5EB-C4A5-4FAB-BDBA-ACDFDE5E7380}
		{04AC3829-58E9-4183-BE0D-893A12C4F34E} = {7777F5EB-C4A5-4FAB-BDBA-ACDFDE5E7380}
		{E0C587FB-2672-45D3-A096-2A82F3FB2C9F} = {7777F5EB-C4A5-4FAB-BDBA-ACDFDE5E7380}
		{4FA317B5-E872-4087-808F-295E27CBB47A} = {88110550-2943-4094-B113-ECADB07B6DBF}
		{E202D392-9F12-42FB-8592-D2724A218334} = {88110550-2943-4094-B113-ECADB07B6DBF}
		{997D2A6E-B8ED-4B85-9B3F-320E521D0DA9} = {88110550-2943-4094-B113-ECADB07B6DBF}
		{50A31F22-A575-4413-BCE7-493904DE5EF6} = {93C5E209-D652-45ED-934F-DD27FDDA297D}
		{102D6899-05F0-45D5-95FC-467B9287D0E9} = {93C5E209-D652-45ED-934F-DD27FDDA297D}
		{8111B2AC-4E17-4C99-8DB9-96693B9C31F4} = {93C5E209-D652-45ED-934F-DD27FDDA297D}
		{A15D0345-7125-4A87-A5B0-E53859207D82} = {88110550-2943-4094-B113-ECADB07B6DBF}
		{E08D0865-B55C-4E77-BE7A-8F00BDF9565A} = {47A6AB7F-1992-4DB1-9E2A-98BF5910C7B8}
		{43CC1763-5AF4-461E-93AF-5D9D74E7882B} = {47A6AB7F-1992-4DB1-9E2A-98BF5910C7B8}
		{F20B2E69-5789-4E0C-9225-9BA74A669086} = {47A6AB7F-1992-4DB1-9E2A-98BF5910C7B8}
		{C4D952EC-1790-48BF-9133-8F315E4B2BE4} = {47A6AB7F-1992-4DB1-9E2A-98BF5910C7B8}
	EndGlobalSection
	GlobalSection(ExtensibilityGlobals) = postSolution
		SolutionGuid = {0FFE1AF1-06AA-4C81-87D2-344E9F1FBD5C}
	EndGlobalSection
EndGlobal
